
Microsoft Visual Studio Solution File, Format Version 12.00
# Visual Studio Version 16
VisualStudioVersion = 16.0.31321.278
MinimumVisualStudioVersion = 10.0.40219.1
Project("{FAE04EC0-301F-11D3-BF4B-00C04F79EFBC}") = "E-VOTING", "E-VOTING\E-VOTING.csproj", "{8CB9310C-E4AB-4D05-B670-52D587BDE0FF}"
EndProject
Global
	GlobalSection(SolutionConfigurationPlatforms) = preSolution
		Debug|Any CPU = Debug|Any CPU
		Release|Any CPU = Release|Any CPU
	EndGlobalSection
	GlobalSection(ProjectConfigurationPlatforms) = postSolution
		{8CB9310C-E4AB-4D05-B670-52D587BDE0FF}.Debug|Any CPU.ActiveCfg = Debug|Any CPU
		{8CB9310C-E4AB-4D05-B670-52D587BDE0FF}.Debug|Any CPU.Build.0 = Debug|Any CPU
		{8CB9310C-E4AB-4D05-B670-52D587BDE0FF}.Release|Any CPU.ActiveCfg = Release|Any CPU
		{8CB9310C-E4AB-4D05-B670-52D587BDE0FF}.Release|Any CPU.Build.0 = Release|Any CPU
	EndGlobalSection
	GlobalSection(SolutionProperties) = preSolution
		HideSolutionNode = FALSE
	EndGlobalSection
	GlobalSection(ExtensibilityGlobals) = postSolution
		SolutionGuid = {4DEC3BCF-3EE7-48AF-8EC7-30069C155178}
	EndGlobalSection
EndGlobal
