
Microsoft Visual Studio Solution File, Format Version 12.00
# Visual Studio Version 16
VisualStudioVersion = 16.0.31321.278
MinimumVisualStudioVersion = 10.0.40219.1
Project("{FAE04EC0-301F-11D3-BF4B-00C04F79EFBC}") = "E-VOTING", "E-VOTING\E-VOTING.csproj", "{DD3FB2AE-4055-4AE2-9DA5-6E752163518F}"
EndProject
Global
	GlobalSection(SolutionConfigurationPlatforms) = preSolution
		Debug|Any CPU = Debug|Any CPU
		Release|Any CPU = Release|Any CPU
	EndGlobalSection
	GlobalSection(ProjectConfigurationPlatforms) = postSolution
		{DD3FB2AE-4055-4AE2-9DA5-6E752163518F}.Debug|Any CPU.ActiveCfg = Debug|Any CPU
		{DD3FB2AE-4055-4AE2-9DA5-6E752163518F}.Debug|Any CPU.Build.0 = Debug|Any CPU
		{DD3FB2AE-4055-4AE2-9DA5-6E752163518F}.Release|Any CPU.ActiveCfg = Release|Any CPU
		{DD3FB2AE-4055-4AE2-9DA5-6E752163518F}.Release|Any CPU.Build.0 = Release|Any CPU
	EndGlobalSection
	GlobalSection(SolutionProperties) = preSolution
		HideSolutionNode = FALSE
	EndGlobalSection
	GlobalSection(ExtensibilityGlobals) = postSolution
		SolutionGuid = {91BB68A1-961B-471C-B0BA-706AD8FCDBDB}
	EndGlobalSection
EndGlobal
