
Microsoft Visual Studio Solution File, Format Version 12.00
# Visual Studio Version 16
VisualStudioVersion = 16.0.31112.23
MinimumVisualStudioVersion = 10.0.40219.1
Project("{FAE04EC0-301F-11D3-BF4B-00C04F79EFBC}") = "E-VOTING", "E-VOTING\E-VOTING.csproj", "{4C253975-633A-4DAF-8675-44989F2E0970}"
EndProject
Global
	GlobalSection(SolutionConfigurationPlatforms) = preSolution
		Debug|Any CPU = Debug|Any CPU
		Release|Any CPU = Release|Any CPU
	EndGlobalSection
	GlobalSection(ProjectConfigurationPlatforms) = postSolution
		{4C253975-633A-4DAF-8675-44989F2E0970}.Debug|Any CPU.ActiveCfg = Debug|Any CPU
		{4C253975-633A-4DAF-8675-44989F2E0970}.Debug|Any CPU.Build.0 = Debug|Any CPU
		{4C253975-633A-4DAF-8675-44989F2E0970}.Release|Any CPU.ActiveCfg = Release|Any CPU
		{4C253975-633A-4DAF-8675-44989F2E0970}.Release|Any CPU.Build.0 = Release|Any CPU
	EndGlobalSection
	GlobalSection(SolutionProperties) = preSolution
		HideSolutionNode = FALSE
	EndGlobalSection
	GlobalSection(ExtensibilityGlobals) = postSolution
		SolutionGuid = {BA168DF7-2DD6-431D-ADA2-3E37FA463C81}
	EndGlobalSection
EndGlobal
